
Microsoft Visual Studio Solution File, Format Version 12.00
Project("{FAE04EC0-301F-11D3-BF4B-00C04F79EFBC}") = "OpentubeAPI", "OpentubeAPI.csproj", "{D36553D9-7B17-4711-BFFA-C5119E623DEE}"
EndProject
Global
	GlobalSection(SolutionConfigurationPlatforms) = preSolution
		Debug|Any CPU = Debug|Any CPU
		Release|Any CPU = Release|Any CPU
	EndGlobalSection
	GlobalSection(ProjectConfigurationPlatforms) = postSolution
		{D36553D9-7B17-4711-BFFA-C5119E623DEE}.Debug|Any CPU.ActiveCfg = Debug|Any CPU
		{D36553D9-7B17-4711-BFFA-C5119E623DEE}.Debug|Any CPU.Build.0 = Debug|Any CPU
		{D36553D9-7B17-4711-BFFA-C5119E623DEE}.Release|Any CPU.ActiveCfg = Release|Any CPU
		{D36553D9-7B17-4711-BFFA-C5119E623DEE}.Release|Any CPU.Build.0 = Release|Any CPU
	EndGlobalSection
	GlobalSection(NestedProjects) = preSolution
	EndGlobalSection
EndGlobal
